
Microsoft Visual Studio Solution File, Format Version 12.00
# Visual Studio Version 17
VisualStudioVersion = 17.3.32901.215
MinimumVisualStudioVersion = 10.0.40219.1
Project("{F184B08F-C81C-45F6-A57F-5ABD9991F28F}") = "FormulariosMDI_OrtizMario", "FormulariosMDI_OrtizMario\FormulariosMDI_OrtizMario.vbproj", "{35639AC6-45DA-463D-A847-0A8373642AC7}"
EndProject
Global
	GlobalSection(SolutionConfigurationPlatforms) = preSolution
		Debug|Any CPU = Debug|Any CPU
		Release|Any CPU = Release|Any CPU
	EndGlobalSection
	GlobalSection(ProjectConfigurationPlatforms) = postSolution
		{35639AC6-45DA-463D-A847-0A8373642AC7}.Debug|Any CPU.ActiveCfg = Debug|Any CPU
		{35639AC6-45DA-463D-A847-0A8373642AC7}.Debug|Any CPU.Build.0 = Debug|Any CPU
		{35639AC6-45DA-463D-A847-0A8373642AC7}.Release|Any CPU.ActiveCfg = Release|Any CPU
		{35639AC6-45DA-463D-A847-0A8373642AC7}.Release|Any CPU.Build.0 = Release|Any CPU
	EndGlobalSection
	GlobalSection(SolutionProperties) = preSolution
		HideSolutionNode = FALSE
	EndGlobalSection
	GlobalSection(ExtensibilityGlobals) = postSolution
		SolutionGuid = {9C84B540-4546-4717-AF14-596F66005FA8}
	EndGlobalSection
EndGlobal
