
Microsoft Visual Studio Solution File, Format Version 12.00
# Visual Studio Version 17
VisualStudioVersion = 17.3.32901.215
MinimumVisualStudioVersion = 10.0.40219.1
Project("{F184B08F-C81C-45F6-A57F-5ABD9991F28F}") = "arrayControles", "arrayControles\arrayControles.vbproj", "{5120690A-6D92-4288-B979-DB4B6A5BBF83}"
EndProject
Global
	GlobalSection(SolutionConfigurationPlatforms) = preSolution
		Debug|Any CPU = Debug|Any CPU
		Release|Any CPU = Release|Any CPU
	EndGlobalSection
	GlobalSection(ProjectConfigurationPlatforms) = postSolution
		{5120690A-6D92-4288-B979-DB4B6A5BBF83}.Debug|Any CPU.ActiveCfg = Debug|Any CPU
		{5120690A-6D92-4288-B979-DB4B6A5BBF83}.Debug|Any CPU.Build.0 = Debug|Any CPU
		{5120690A-6D92-4288-B979-DB4B6A5BBF83}.Release|Any CPU.ActiveCfg = Release|Any CPU
		{5120690A-6D92-4288-B979-DB4B6A5BBF83}.Release|Any CPU.Build.0 = Release|Any CPU
	EndGlobalSection
	GlobalSection(SolutionProperties) = preSolution
		HideSolutionNode = FALSE
	EndGlobalSection
	GlobalSection(ExtensibilityGlobals) = postSolution
		SolutionGuid = {2B42308B-2FB9-49E8-A360-4C102988141B}
	EndGlobalSection
EndGlobal
